
Microsoft Visual Studio Solution File, Format Version 12.00
# Visual Studio 15
VisualStudioVersion = 15.0.27703.2026
MinimumVisualStudioVersion = 10.0.40219.1
Project("{FAE04EC0-301F-11D3-BF4B-00C04F79EFBC}") = "BootPartition", "BootPartition\BootPartition.csproj", "{D26C32B9-AA71-475D-B213-AD1C549B2A7D}"
EndProject
Global
	GlobalSection(SolutionConfigurationPlatforms) = preSolution
		Debug|Any CPU = Debug|Any CPU
		Release|Any CPU = Release|Any CPU
	EndGlobalSection
	GlobalSection(ProjectConfigurationPlatforms) = postSolution
		{D26C32B9-AA71-475D-B213-AD1C549B2A7D}.Debug|Any CPU.ActiveCfg = Debug|Any CPU
		{D26C32B9-AA71-475D-B213-AD1C549B2A7D}.Debug|Any CPU.Build.0 = Debug|Any CPU
		{D26C32B9-AA71-475D-B213-AD1C549B2A7D}.Release|Any CPU.ActiveCfg = Release|Any CPU
		{D26C32B9-AA71-475D-B213-AD1C549B2A7D}.Release|Any CPU.Build.0 = Release|Any CPU
	EndGlobalSection
	GlobalSection(SolutionProperties) = preSolution
		HideSolutionNode = FALSE
	EndGlobalSection
	GlobalSection(ExtensibilityGlobals) = postSolution
		SolutionGuid = {6946E65D-A0D4-4F54-9FF6-78AD74468EB5}
	EndGlobalSection
EndGlobal
